
Microsoft Visual Studio Solution File, Format Version 12.00
# Visual Studio Version 17
VisualStudioVersion = 17.14.36221.1 d17.14
MinimumVisualStudioVersion = 10.0.40219.1
Project("{FAE04EC0-301F-11D3-BF4B-00C04F79EFBC}") = "Crispberry PiPhone", "Crispberry PiPhone\Crispberry PiPhone.csproj", "{B86841F9-1CD5-41DE-BA99-F10D663D2700}"
EndProject
Global
	GlobalSection(SolutionConfigurationPlatforms) = preSolution
		Debug|Any CPU = Debug|Any CPU
		Release|Any CPU = Release|Any CPU
	EndGlobalSection
	GlobalSection(ProjectConfigurationPlatforms) = postSolution
		{B86841F9-1CD5-41DE-BA99-F10D663D2700}.Debug|Any CPU.ActiveCfg = Debug|Any CPU
		{B86841F9-1CD5-41DE-BA99-F10D663D2700}.Debug|Any CPU.Build.0 = Debug|Any CPU
		{B86841F9-1CD5-41DE-BA99-F10D663D2700}.Release|Any CPU.ActiveCfg = Release|Any CPU
		{B86841F9-1CD5-41DE-BA99-F10D663D2700}.Release|Any CPU.Build.0 = Release|Any CPU
	EndGlobalSection
	GlobalSection(SolutionProperties) = preSolution
		HideSolutionNode = FALSE
	EndGlobalSection
	GlobalSection(ExtensibilityGlobals) = postSolution
		SolutionGuid = {A9C0D902-67D7-49C4-A182-0FD053E542FE}
	EndGlobalSection
EndGlobal
